
Microsoft Visual Studio Solution File, Format Version 12.00
# Visual Studio Version 17
VisualStudioVersion = 17.9.34607.119
MinimumVisualStudioVersion = 10.0.40219.1
Project("{FAE04EC0-301F-11D3-BF4B-00C04F79EFBC}") = "CustomersApi", "CustomersApi\CustomersApi.csproj", "{E3C36130-371E-4755-8B75-6C66C7198B0C}"
EndProject
Global
	GlobalSection(SolutionConfigurationPlatforms) = preSolution
		Debug|Any CPU = Debug|Any CPU
		Release|Any CPU = Release|Any CPU
	EndGlobalSection
	GlobalSection(ProjectConfigurationPlatforms) = postSolution
		{E3C36130-371E-4755-8B75-6C66C7198B0C}.Debug|Any CPU.ActiveCfg = Debug|Any CPU
		{E3C36130-371E-4755-8B75-6C66C7198B0C}.Debug|Any CPU.Build.0 = Debug|Any CPU
		{E3C36130-371E-4755-8B75-6C66C7198B0C}.Release|Any CPU.ActiveCfg = Release|Any CPU
		{E3C36130-371E-4755-8B75-6C66C7198B0C}.Release|Any CPU.Build.0 = Release|Any CPU
	EndGlobalSection
	GlobalSection(SolutionProperties) = preSolution
		HideSolutionNode = FALSE
	EndGlobalSection
	GlobalSection(ExtensibilityGlobals) = postSolution
		SolutionGuid = {2D64E9C6-6CF7-46B8-9E4B-4C5B6C861191}
	EndGlobalSection
EndGlobal
